
Microsoft Visual Studio Solution File, Format Version 9.00
# Visual Studio 2005
Project("{F184B08F-C81C-45F6-A57F-5ABD9991F28F}") = "ExcelAddIn1", "ExcelAddIn1\ExcelAddIn1.vbproj", "{C01FB987-36FB-480C-8DE4-E4DFB9C9ABCA}"
EndProject
Project("{54435603-DBB4-11D2-8724-00A0C9A8B90C}") = "ExcelAddIn1Setup", "ExcelAddIn1Setup\ExcelAddIn1Setup", "{76EB42EA-C181-4D6A-AF9C-66DD8BA8993E}"
EndProject
Global
	GlobalSection(SolutionConfigurationPlatforms) = preSolution
		Debug|Any CPU = Debug|Any CPU
		Release|Any CPU = Release|Any CPU
	EndGlobalSection
	GlobalSection(ProjectConfigurationPlatforms) = postSolution
		{C01FB987-36FB-480C-8DE4-E4DFB9C9ABCA}.Debug|Any CPU.ActiveCfg = Debug|Any CPU
		{C01FB987-36FB-480C-8DE4-E4DFB9C9ABCA}.Debug|Any CPU.Build.0 = Debug|Any CPU
		{C01FB987-36FB-480C-8DE4-E4DFB9C9ABCA}.Release|Any CPU.ActiveCfg = Release|Any CPU
		{C01FB987-36FB-480C-8DE4-E4DFB9C9ABCA}.Release|Any CPU.Build.0 = Release|Any CPU
		{76EB42EA-C181-4D6A-AF9C-66DD8BA8993E}.Debug|Any CPU.ActiveCfg = Debug
		{76EB42EA-C181-4D6A-AF9C-66DD8BA8993E}.Release|Any CPU.ActiveCfg = Release
	EndGlobalSection
	GlobalSection(SolutionProperties) = preSolution
		HideSolutionNode = FALSE
	EndGlobalSection
EndGlobal
